{
  "name": "sellercontrol",
  "version": "1.0.0",
  "lockfileVersion": 1,
  "requires": true,
  "dependencies": {
    "puppeteer-web": {
      "version": "0.0.3",
      "resolved": "https://registry.npmjs.org/puppeteer-web/-/puppeteer-web-0.0.3.tgz",
      "integrity": "sha512-TlPVW+g2ca5VfY18fO0AH/NGKkh8Frmg75ckzeS5AoLtbF63MYcEYk+ZSbOVA9FGarVFFsbIiZ3W3v6VdIkIyQ=="
    }
  }
}
